
Microsoft Visual Studio Solution File, Format Version 12.00
# Visual Studio Version 16
VisualStudioVersion = 16.0.33529.622
MinimumVisualStudioVersion = 10.0.40219.1
Project("{FAE04EC0-301F-11D3-BF4B-00C04F79EFBC}") = "PSC_Demo", "PSC_Demo\PSC_Demo.csproj", "{9BA9AEEE-C3FD-47CF-9C20-1F4125013F07}"
EndProject
Global
	GlobalSection(SolutionConfigurationPlatforms) = preSolution
		Debug|Any CPU = Debug|Any CPU
		Release|Any CPU = Release|Any CPU
	EndGlobalSection
	GlobalSection(ProjectConfigurationPlatforms) = postSolution
		{9BA9AEEE-C3FD-47CF-9C20-1F4125013F07}.Debug|Any CPU.ActiveCfg = Debug|Any CPU
		{9BA9AEEE-C3FD-47CF-9C20-1F4125013F07}.Debug|Any CPU.Build.0 = Debug|Any CPU
		{9BA9AEEE-C3FD-47CF-9C20-1F4125013F07}.Release|Any CPU.ActiveCfg = Release|Any CPU
		{9BA9AEEE-C3FD-47CF-9C20-1F4125013F07}.Release|Any CPU.Build.0 = Release|Any CPU
	EndGlobalSection
	GlobalSection(SolutionProperties) = preSolution
		HideSolutionNode = FALSE
	EndGlobalSection
	GlobalSection(ExtensibilityGlobals) = postSolution
		SolutionGuid = {B8362D37-D4CE-4DD6-9594-0ADB79EBE44E}
	EndGlobalSection
EndGlobal
